
Microsoft Visual Studio Solution File, Format Version 12.00
# Visual Studio Version 16
VisualStudioVersion = 16.0.29806.167
MinimumVisualStudioVersion = 10.0.40219.1
Project("{FAE04EC0-301F-11D3-BF4B-00C04F79EFBC}") = "VNews.UWP", "VNews\VNews.UWP\VNews.UWP.csproj", "{2D170ACF-1DF1-418B-8FD2-49C60F4A9E2D}"
EndProject
Project("{FAE04EC0-301F-11D3-BF4B-00C04F79EFBC}") = "VNews.Android", "VNews\VNews.Android\VNews.Android.csproj", "{C6516527-6FE3-4C78-839F-4C9106BE8283}"
EndProject
Project("{FAE04EC0-301F-11D3-BF4B-00C04F79EFBC}") = "VNews.iOS", "VNews\VNews.iOS\VNews.iOS.csproj", "{B2F6B0BE-59EC-42E7-90D3-F13C60A93CF7}"
EndProject
Project("{FAE04EC0-301F-11D3-BF4B-00C04F79EFBC}") = "VNews", "VNews\VNews\VNews.csproj", "{77A96C1C-B969-4946-A75D-D57C80F18887}"
EndProject
Global
	GlobalSection(SolutionConfigurationPlatforms) = preSolution
		Debug|Any CPU = Debug|Any CPU
		Debug|ARM = Debug|ARM
		Debug|iPhone = Debug|iPhone
		Debug|iPhoneSimulator = Debug|iPhoneSimulator
		Debug|x64 = Debug|x64
		Debug|x86 = Debug|x86
		Release|Any CPU = Release|Any CPU
		Release|ARM = Release|ARM
		Release|iPhone = Release|iPhone
		Release|iPhoneSimulator = Release|iPhoneSimulator
		Release|x64 = Release|x64
		Release|x86 = Release|x86
	EndGlobalSection
	GlobalSection(ProjectConfigurationPlatforms) = postSolution
		{2D170ACF-1DF1-418B-8FD2-49C60F4A9E2D}.Debug|Any CPU.ActiveCfg = Debug|x86
		{2D170ACF-1DF1-418B-8FD2-49C60F4A9E2D}.Debug|Any CPU.Build.0 = Debug|x86
		{2D170ACF-1DF1-418B-8FD2-49C60F4A9E2D}.Debug|Any CPU.Deploy.0 = Debug|x86
		{2D170ACF-1DF1-418B-8FD2-49C60F4A9E2D}.Debug|ARM.ActiveCfg = Debug|ARM
		{2D170ACF-1DF1-418B-8FD2-49C60F4A9E2D}.Debug|ARM.Build.0 = Debug|ARM
		{2D170ACF-1DF1-418B-8FD2-49C60F4A9E2D}.Debug|ARM.Deploy.0 = Debug|ARM
		{2D170ACF-1DF1-418B-8FD2-49C60F4A9E2D}.Debug|iPhone.ActiveCfg = Debug|x86
		{2D170ACF-1DF1-418B-8FD2-49C60F4A9E2D}.Debug|iPhone.Build.0 = Debug|x86
		{2D170ACF-1DF1-418B-8FD2-49C60F4A9E2D}.Debug|iPhone.Deploy.0 = Debug|x86
		{2D170ACF-1DF1-418B-8FD2-49C60F4A9E2D}.Debug|iPhoneSimulator.ActiveCfg = Debug|x86
		{2D170ACF-1DF1-418B-8FD2-49C60F4A9E2D}.Debug|iPhoneSimulator.Build.0 = Debug|x86
		{2D170ACF-1DF1-418B-8FD2-49C60F4A9E2D}.Debug|iPhoneSimulator.Deploy.0 = Debug|x86
		{2D170ACF-1DF1-418B-8FD2-49C60F4A9E2D}.Debug|x64.ActiveCfg = Debug|x64
		{2D170ACF-1DF1-418B-8FD2-49C60F4A9E2D}.Debug|x64.Build.0 = Debug|x64
		{2D170ACF-1DF1-418B-8FD2-49C60F4A9E2D}.Debug|x64.Deploy.0 = Debug|x64
		{2D170ACF-1DF1-418B-8FD2-49C60F4A9E2D}.Debug|x86.ActiveCfg = Debug|x86
		{2D170ACF-1DF1-418B-8FD2-49C60F4A9E2D}.Debug|x86.Build.0 = Debug|x86
		{2D170ACF-1DF1-418B-8FD2-49C60F4A9E2D}.Debug|x86.Deploy.0 = Debug|x86
		{2D170ACF-1DF1-418B-8FD2-49C60F4A9E2D}.Release|Any CPU.ActiveCfg = Release|x86
		{2D170ACF-1DF1-418B-8FD2-49C60F4A9E2D}.Release|Any CPU.Build.0 = Release|x86
		{2D170ACF-1DF1-418B-8FD2-49C60F4A9E2D}.Release|Any CPU.Deploy.0 = Release|x86
		{2D170ACF-1DF1-418B-8FD2-49C60F4A9E2D}.Release|ARM.ActiveCfg = Release|ARM
		{2D170ACF-1DF1-418B-8FD2-49C60F4A9E2D}.Release|ARM.Build.0 = Release|ARM
		{2D170ACF-1DF1-418B-8FD2-49C60F4A9E2D}.Release|ARM.Deploy.0 = Release|ARM
		{2D170ACF-1DF1-418B-8FD2-49C60F4A9E2D}.Release|iPhone.ActiveCfg = Release|x86
		{2D170ACF-1DF1-418B-8FD2-49C60F4A9E2D}.Release|iPhone.Build.0 = Release|x86
		{2D170ACF-1DF1-418B-8FD2-49C60F4A9E2D}.Release|iPhone.Deploy.0 = Release|x86
		{2D170ACF-1DF1-418B-8FD2-49C60F4A9E2D}.Release|iPhoneSimulator.ActiveCfg = Release|x86
		{2D170ACF-1DF1-418B-8FD2-49C60F4A9E2D}.Release|iPhoneSimulator.Build.0 = Release|x86
		{2D170ACF-1DF1-418B-8FD2-49C60F4A9E2D}.Release|iPhoneSimulator.Deploy.0 = Release|x86
		{2D170ACF-1DF1-418B-8FD2-49C60F4A9E2D}.Release|x64.ActiveCfg = Release|x64
		{2D170ACF-1DF1-418B-8FD2-49C60F4A9E2D}.Release|x64.Build.0 = Release|x64
		{2D170ACF-1DF1-418B-8FD2-49C60F4A9E2D}.Release|x64.Deploy.0 = Release|x64
		{2D170ACF-1DF1-418B-8FD2-49C60F4A9E2D}.Release|x86.ActiveCfg = Release|x86
		{2D170ACF-1DF1-418B-8FD2-49C60F4A9E2D}.Release|x86.Build.0 = Release|x86
		{2D170ACF-1DF1-418B-8FD2-49C60F4A9E2D}.Release|x86.Deploy.0 = Release|x86
		{C6516527-6FE3-4C78-839F-4C9106BE8283}.Debug|Any CPU.ActiveCfg = Debug|Any CPU
		{C6516527-6FE3-4C78-839F-4C9106BE8283}.Debug|Any CPU.Build.0 = Debug|Any CPU
		{C6516527-6FE3-4C78-839F-4C9106BE8283}.Debug|Any CPU.Deploy.0 = Debug|Any CPU
		{C6516527-6FE3-4C78-839F-4C9106BE8283}.Debug|ARM.ActiveCfg = Debug|Any CPU
		{C6516527-6FE3-4C78-839F-4C9106BE8283}.Debug|ARM.Build.0 = Debug|Any CPU
		{C6516527-6FE3-4C78-839F-4C9106BE8283}.Debug|ARM.Deploy.0 = Debug|Any CPU
		{C6516527-6FE3-4C78-839F-4C9106BE8283}.Debug|iPhone.ActiveCfg = Debug|Any CPU
		{C6516527-6FE3-4C78-839F-4C9106BE8283}.Debug|iPhone.Build.0 = Debug|Any CPU
		{C6516527-6FE3-4C78-839F-4C9106BE8283}.Debug|iPhone.Deploy.0 = Debug|Any CPU
		{C6516527-6FE3-4C78-839F-4C9106BE8283}.Debug|iPhoneSimulator.ActiveCfg = Debug|Any CPU
		{C6516527-6FE3-4C78-839F-4C9106BE8283}.Debug|iPhoneSimulator.Build.0 = Debug|Any CPU
		{C6516527-6FE3-4C78-839F-4C9106BE8283}.Debug|iPhoneSimulator.Deploy.0 = Debug|Any CPU
		{C6516527-6FE3-4C78-839F-4C9106BE8283}.Debug|x64.ActiveCfg = Debug|Any CPU
		{C6516527-6FE3-4C78-839F-4C9106BE8283}.Debug|x64.Build.0 = Debug|Any CPU
		{C6516527-6FE3-4C78-839F-4C9106BE8283}.Debug|x64.Deploy.0 = Debug|Any CPU
		{C6516527-6FE3-4C78-839F-4C9106BE8283}.Debug|x86.ActiveCfg = Debug|Any CPU
		{C6516527-6FE3-4C78-839F-4C9106BE8283}.Debug|x86.Build.0 = Debug|Any CPU
		{C6516527-6FE3-4C78-839F-4C9106BE8283}.Debug|x86.Deploy.0 = Debug|Any CPU
		{C6516527-6FE3-4C78-839F-4C9106BE8283}.Release|Any CPU.ActiveCfg = Release|Any CPU
		{C6516527-6FE3-4C78-839F-4C9106BE8283}.Release|Any CPU.Build.0 = Release|Any CPU
		{C6516527-6FE3-4C78-839F-4C9106BE8283}.Release|Any CPU.Deploy.0 = Release|Any CPU
		{C6516527-6FE3-4C78-839F-4C9106BE8283}.Release|ARM.ActiveCfg = Release|Any CPU
		{C6516527-6FE3-4C78-839F-4C9106BE8283}.Release|ARM.Build.0 = Release|Any CPU
		{C6516527-6FE3-4C78-839F-4C9106BE8283}.Release|ARM.Deploy.0 = Release|Any CPU
		{C6516527-6FE3-4C78-839F-4C9106BE8283}.Release|iPhone.ActiveCfg = Release|Any CPU
		{C6516527-6FE3-4C78-839F-4C9106BE8283}.Release|iPhone.Build.0 = Release|Any CPU
		{C6516527-6FE3-4C78-839F-4C9106BE8283}.Release|iPhone.Deploy.0 = Release|Any CPU
		{C6516527-6FE3-4C78-839F-4C9106BE8283}.Release|iPhoneSimulator.ActiveCfg = Release|Any CPU
		{C6516527-6FE3-4C78-839F-4C9106BE8283}.Release|iPhoneSimulator.Build.0 = Release|Any CPU
		{C6516527-6FE3-4C78-839F-4C9106BE8283}.Release|iPhoneSimulator.Deploy.0 = Release|Any CPU
		{C6516527-6FE3-4C78-839F-4C9106BE8283}.Release|x64.ActiveCfg = Release|Any CPU
		{C6516527-6FE3-4C78-839F-4C9106BE8283}.Release|x64.Build.0 = Release|Any CPU
		{C6516527-6FE3-4C78-839F-4C9106BE8283}.Release|x64.Deploy.0 = Release|Any CPU
		{C6516527-6FE3-4C78-839F-4C9106BE8283}.Release|x86.ActiveCfg = Release|Any CPU
		{C6516527-6FE3-4C78-839F-4C9106BE8283}.Release|x86.Build.0 = Release|Any CPU
		{C6516527-6FE3-4C78-839F-4C9106BE8283}.Release|x86.Deploy.0 = Release|Any CPU
		{B2F6B0BE-59EC-42E7-90D3-F13C60A93CF7}.Debug|Any CPU.ActiveCfg = Debug|iPhone
		{B2F6B0BE-59EC-42E7-90D3-F13C60A93CF7}.Debug|Any CPU.Build.0 = Debug|iPhone
		{B2F6B0BE-59EC-42E7-90D3-F13C60A93CF7}.Debug|Any CPU.Deploy.0 = Debug|iPhone
		{B2F6B0BE-59EC-42E7-90D3-F13C60A93CF7}.Debug|ARM.ActiveCfg = Debug|iPhoneSimulator
		{B2F6B0BE-59EC-42E7-90D3-F13C60A93CF7}.Debug|ARM.Build.0 = Debug|iPhoneSimulator
		{B2F6B0BE-59EC-42E7-90D3-F13C60A93CF7}.Debug|ARM.Deploy.0 = Debug|iPhoneSimulator
		{B2F6B0BE-59EC-42E7-90D3-F13C60A93CF7}.Debug|iPhone.ActiveCfg = Debug|iPhone
		{B2F6B0BE-59EC-42E7-90D3-F13C60A93CF7}.Debug|iPhone.Build.0 = Debug|iPhone
		{B2F6B0BE-59EC-42E7-90D3-F13C60A93CF7}.Debug|iPhone.Deploy.0 = Debug|iPhone
		{B2F6B0BE-59EC-42E7-90D3-F13C60A93CF7}.Debug|iPhoneSimulator.ActiveCfg = Debug|iPhoneSimulator
		{B2F6B0BE-59EC-42E7-90D3-F13C60A93CF7}.Debug|iPhoneSimulator.Build.0 = Debug|iPhoneSimulator
		{B2F6B0BE-59EC-42E7-90D3-F13C60A93CF7}.Debug|iPhoneSimulator.Deploy.0 = Debug|iPhoneSimulator
		{B2F6B0BE-59EC-42E7-90D3-F13C60A93CF7}.Debug|x64.ActiveCfg = Debug|iPhone
		{B2F6B0BE-59EC-42E7-90D3-F13C60A93CF7}.Debug|x64.Build.0 = Debug|iPhone
		{B2F6B0BE-59EC-42E7-90D3-F13C60A93CF7}.Debug|x64.Deploy.0 = Debug|iPhone
		{B2F6B0BE-59EC-42E7-90D3-F13C60A93CF7}.Debug|x86.ActiveCfg = Debug|iPhone
		{B2F6B0BE-59EC-42E7-90D3-F13C60A93CF7}.Debug|x86.Build.0 = Debug|iPhone
		{B2F6B0BE-59EC-42E7-90D3-F13C60A93CF7}.Debug|x86.Deploy.0 = Debug|iPhone
		{B2F6B0BE-59EC-42E7-90D3-F13C60A93CF7}.Release|Any CPU.ActiveCfg = Release|iPhone
		{B2F6B0BE-59EC-42E7-90D3-F13C60A93CF7}.Release|Any CPU.Build.0 = Release|iPhone
		{B2F6B0BE-59EC-42E7-90D3-F13C60A93CF7}.Release|Any CPU.Deploy.0 = Release|iPhone
		{B2F6B0BE-59EC-42E7-90D3-F13C60A93CF7}.Release|ARM.ActiveCfg = Release|iPhone
		{B2F6B0BE-59EC-42E7-90D3-F13C60A93CF7}.Release|ARM.Build.0 = Release|iPhone
		{B2F6B0BE-59EC-42E7-90D3-F13C60A93CF7}.Release|ARM.Deploy.0 = Release|iPhone
		{B2F6B0BE-59EC-42E7-90D3-F13C60A93CF7}.Release|iPhone.ActiveCfg = Release|iPhone
		{B2F6B0BE-59EC-42E7-90D3-F13C60A93CF7}.Release|iPhone.Build.0 = Release|iPhone
		{B2F6B0BE-59EC-42E7-90D3-F13C60A93CF7}.Release|iPhone.Deploy.0 = Release|iPhone
		{B2F6B0BE-59EC-42E7-90D3-F13C60A93CF7}.Release|iPhoneSimulator.ActiveCfg = Release|iPhoneSimulator
		{B2F6B0BE-59EC-42E7-90D3-F13C60A93CF7}.Release|iPhoneSimulator.Build.0 = Release|iPhoneSimulator
		{B2F6B0BE-59EC-42E7-90D3-F13C60A93CF7}.Release|iPhoneSimulator.Deploy.0 = Release|iPhoneSimulator
		{B2F6B0BE-59EC-42E7-90D3-F13C60A93CF7}.Release|x64.ActiveCfg = Release|iPhone
		{B2F6B0BE-59EC-42E7-90D3-F13C60A93CF7}.Release|x64.Build.0 = Release|iPhone
		{B2F6B0BE-59EC-42E7-90D3-F13C60A93CF7}.Release|x64.Deploy.0 = Release|iPhone
		{B2F6B0BE-59EC-42E7-90D3-F13C60A93CF7}.Release|x86.ActiveCfg = Release|iPhone
		{B2F6B0BE-59EC-42E7-90D3-F13C60A93CF7}.Release|x86.Build.0 = Release|iPhone
		{B2F6B0BE-59EC-42E7-90D3-F13C60A93CF7}.Release|x86.Deploy.0 = Release|iPhone
		{77A96C1C-B969-4946-A75D-D57C80F18887}.Debug|Any CPU.ActiveCfg = Debug|Any CPU
		{77A96C1C-B969-4946-A75D-D57C80F18887}.Debug|Any CPU.Build.0 = Debug|Any CPU
		{77A96C1C-B969-4946-A75D-D57C80F18887}.Debug|Any CPU.Deploy.0 = Debug|Any CPU
		{77A96C1C-B969-4946-A75D-D57C80F18887}.Debug|ARM.ActiveCfg = Debug|Any CPU
		{77A96C1C-B969-4946-A75D-D57C80F18887}.Debug|ARM.Build.0 = Debug|Any CPU
		{77A96C1C-B969-4946-A75D-D57C80F18887}.Debug|ARM.Deploy.0 = Debug|Any CPU
		{77A96C1C-B969-4946-A75D-D57C80F18887}.Debug|iPhone.ActiveCfg = Debug|Any CPU
		{77A96C1C-B969-4946-A75D-D57C80F18887}.Debug|iPhone.Build.0 = Debug|Any CPU
		{77A96C1C-B969-4946-A75D-D57C80F18887}.Debug|iPhone.Deploy.0 = Debug|Any CPU
		{77A96C1C-B969-4946-A75D-D57C80F18887}.Debug|iPhoneSimulator.ActiveCfg = Debug|Any CPU
		{77A96C1C-B969-4946-A75D-D57C80F18887}.Debug|iPhoneSimulator.Build.0 = Debug|Any CPU
		{77A96C1C-B969-4946-A75D-D57C80F18887}.Debug|iPhoneSimulator.Deploy.0 = Debug|Any CPU
		{77A96C1C-B969-4946-A75D-D57C80F18887}.Debug|x64.ActiveCfg = Debug|Any CPU
		{77A96C1C-B969-4946-A75D-D57C80F18887}.Debug|x64.Build.0 = Debug|Any CPU
		{77A96C1C-B969-4946-A75D-D57C80F18887}.Debug|x64.Deploy.0 = Debug|Any CPU
		{77A96C1C-B969-4946-A75D-D57C80F18887}.Debug|x86.ActiveCfg = Debug|Any CPU
		{77A96C1C-B969-4946-A75D-D57C80F18887}.Debug|x86.Build.0 = Debug|Any CPU
		{77A96C1C-B969-4946-A75D-D57C80F18887}.Debug|x86.Deploy.0 = Debug|Any CPU
		{77A96C1C-B969-4946-A75D-D57C80F18887}.Release|Any CPU.ActiveCfg = Release|Any CPU
		{77A96C1C-B969-4946-A75D-D57C80F18887}.Release|Any CPU.Build.0 = Release|Any CPU
		{77A96C1C-B969-4946-A75D-D57C80F18887}.Release|Any CPU.Deploy.0 = Release|Any CPU
		{77A96C1C-B969-4946-A75D-D57C80F18887}.Release|ARM.ActiveCfg = Release|Any CPU
		{77A96C1C-B969-4946-A75D-D57C80F18887}.Release|ARM.Build.0 = Release|Any CPU
		{77A96C1C-B969-4946-A75D-D57C80F18887}.Release|ARM.Deploy.0 = Release|Any CPU
		{77A96C1C-B969-4946-A75D-D57C80F18887}.Release|iPhone.ActiveCfg = Release|Any CPU
		{77A96C1C-B969-4946-A75D-D57C80F18887}.Release|iPhone.Build.0 = Release|Any CPU
		{77A96C1C-B969-4946-A75D-D57C80F18887}.Release|iPhone.Deploy.0 = Release|Any CPU
		{77A96C1C-B969-4946-A75D-D57C80F18887}.Release|iPhoneSimulator.ActiveCfg = Release|Any CPU
		{77A96C1C-B969-4946-A75D-D57C80F18887}.Release|iPhoneSimulator.Build.0 = Release|Any CPU
		{77A96C1C-B969-4946-A75D-D57C80F18887}.Release|iPhoneSimulator.Deploy.0 = Release|Any CPU
		{77A96C1C-B969-4946-A75D-D57C80F18887}.Release|x64.ActiveCfg = Release|Any CPU
		{77A96C1C-B969-4946-A75D-D57C80F18887}.Release|x64.Build.0 = Release|Any CPU
		{77A96C1C-B969-4946-A75D-D57C80F18887}.Release|x64.Deploy.0 = Release|Any CPU
		{77A96C1C-B969-4946-A75D-D57C80F18887}.Release|x86.ActiveCfg = Release|Any CPU
		{77A96C1C-B969-4946-A75D-D57C80F18887}.Release|x86.Build.0 = Release|Any CPU
		{77A96C1C-B969-4946-A75D-D57C80F18887}.Release|x86.Deploy.0 = Release|Any CPU
	EndGlobalSection
	GlobalSection(SolutionProperties) = preSolution
		HideSolutionNode = FALSE
	EndGlobalSection
	GlobalSection(ExtensibilityGlobals) = postSolution
		SolutionGuid = {B10C2970-FE9B-4A98-BE91-468CC09D9D72}
	EndGlobalSection
EndGlobal
